
Microsoft Visual Studio Solution File, Format Version 12.00
# Visual Studio Version 17
VisualStudioVersion = 17.14.36616.10 d17.14
MinimumVisualStudioVersion = 10.0.40219.1
Project("{8BC9CEB8-8B4A-11D0-8D11-00A0C91BC942}") = "字符串逆序", "字符串逆序\字符串逆序.vcxproj", "{834259F7-711B-4B09-BB1B-D06100386C27}"
EndProject
Global
	GlobalSection(SolutionConfigurationPlatforms) = preSolution
		Debug|x64 = Debug|x64
		Debug|x86 = Debug|x86
		Release|x64 = Release|x64
		Release|x86 = Release|x86
	EndGlobalSection
	GlobalSection(ProjectConfigurationPlatforms) = postSolution
		{834259F7-711B-4B09-BB1B-D06100386C27}.Debug|x64.ActiveCfg = Debug|x64
		{834259F7-711B-4B09-BB1B-D06100386C27}.Debug|x64.Build.0 = Debug|x64
		{834259F7-711B-4B09-BB1B-D06100386C27}.Debug|x86.ActiveCfg = Debug|Win32
		{834259F7-711B-4B09-BB1B-D06100386C27}.Debug|x86.Build.0 = Debug|Win32
		{834259F7-711B-4B09-BB1B-D06100386C27}.Release|x64.ActiveCfg = Release|x64
		{834259F7-711B-4B09-BB1B-D06100386C27}.Release|x64.Build.0 = Release|x64
		{834259F7-711B-4B09-BB1B-D06100386C27}.Release|x86.ActiveCfg = Release|Win32
		{834259F7-711B-4B09-BB1B-D06100386C27}.Release|x86.Build.0 = Release|Win32
	EndGlobalSection
	GlobalSection(SolutionProperties) = preSolution
		HideSolutionNode = FALSE
	EndGlobalSection
	GlobalSection(ExtensibilityGlobals) = postSolution
		SolutionGuid = {89EDDF52-A37A-491B-81D9-36730150FEEE}
	EndGlobalSection
EndGlobal
